
Microsoft Visual Studio Solution File, Format Version 12.00
# Visual Studio Version 16
VisualStudioVersion = 16.0.31911.196
MinimumVisualStudioVersion = 10.0.40219.1
Project("{FAE04EC0-301F-11D3-BF4B-00C04F79EFBC}") = "AlgorytmySortowanie", "AlgorytmySortowanie.csproj", "{F9B5680F-C739-4E66-A258-D11AE0324946}"
EndProject
Global
	GlobalSection(SolutionConfigurationPlatforms) = preSolution
		Debug|Any CPU = Debug|Any CPU
		Release|Any CPU = Release|Any CPU
	EndGlobalSection
	GlobalSection(ProjectConfigurationPlatforms) = postSolution
		{F9B5680F-C739-4E66-A258-D11AE0324946}.Debug|Any CPU.ActiveCfg = Debug|Any CPU
		{F9B5680F-C739-4E66-A258-D11AE0324946}.Debug|Any CPU.Build.0 = Debug|Any CPU
		{F9B5680F-C739-4E66-A258-D11AE0324946}.Release|Any CPU.ActiveCfg = Release|Any CPU
		{F9B5680F-C739-4E66-A258-D11AE0324946}.Release|Any CPU.Build.0 = Release|Any CPU
	EndGlobalSection
	GlobalSection(SolutionProperties) = preSolution
		HideSolutionNode = FALSE
	EndGlobalSection
	GlobalSection(ExtensibilityGlobals) = postSolution
		SolutionGuid = {9154E0CE-75BD-4F18-87FF-03CD6B202124}
	EndGlobalSection
EndGlobal
